PODS:
  - AFNetworking (3.2.1):
    - AFNetworking/NSURLSession (= 3.2.1)
    - AFNetworking/Reachability (= 3.2.1)
    - AFNetworking/Security (= 3.2.1)
    - AFNetworking/Serialization (= 3.2.1)
    - AFNetworking/UIKit (= 3.2.1)
  - AFNetworking/NSURLSession (3.2.1):
    - AFNetworking/Reachability
    - AFNetworking/Security
    - AFNetworking/Serialization
  - AFNetworking/Reachability (3.2.1)
  - AFNetworking/Security (3.2.1)
  - AFNetworking/Serialization (3.2.1)
  - AFNetworking/UIKit (3.2.1):
    - AFNetworking/NSURLSession
  - LLLL (1.0.2):
    - AFNetworking
    - PINCache
  - PINCache (2.3)

DEPENDENCIES:
  - AFNetworking (~> 3.2.1)
  - LLLL
  - PINCache

SPEC REPOS:
  https://github.com/cocoapods/specs.git:
    - AFNetworking
    - LLLL
    - PINCache

SPEC CHECKSUMS:
  AFNetworking: b6f891fdfaed196b46c7a83cf209e09697b94057
  LLLL: e1667c108106568821f5047474ea1a0be73d8e9b
  PINCache: ce36ed282031b92fc7733ffe831f474ff80fddc2

PODFILE CHECKSUM: 0a615a9802580ba8b468d87bde75d47ad220ad33

COCOAPODS: 1.5.3
